// !$*UTF8*$!
{
	archiveVersion = 1;
	classes = {
	};
	objectVersion = 56;
	objects = {

/* Begin PBXBuildFile section */
		DBEB3E7C2B7D60BE0040D0AA /* RealityKitContent in Frameworks */ = {isa = PBXBuildFile; productRef = DBEB3E7B2B7D60BE0040D0AA /* RealityKitContent */; };
		DBEB3E7E2B7D60BE0040D0AA /* VisionProVREnvironmentApp.swift in Sources */ = {isa = PBXBuildFile; fileRef = DBEB3E7D2B7D60BE0040D0AA /* VisionProVREnvironmentApp.swift */; };
		DBEB3E802B7D60BE0040D0AA /* ContentView.swift in Sources */ = {isa = PBXBuildFile; fileRef = DBEB3E7F2B7D60BE0040D0AA /* ContentView.swift */; };
		DBEB3E822B7D60BF0040D0AA /* Assets.xcassets in Resources */ = {isa = PBXBuildFile; fileRef = DBEB3E812B7D60BF0040D0AA /* Assets.xcassets */; };
		DBEB3E852B7D60BF0040D0AA /* Preview Assets.xcassets in Resources */ = {isa = PBXBuildFile; fileRef = DBEB3E842B7D60BF0040D0AA /* Preview Assets.xcassets */; };
/* End PBXBuildFile section */

/* Begin PBXFileReference section */
		DBEB3E762B7D60BE0040D0AA /* VisionProVREnvironment.app */ = {isa = PBXFileReference; explicitFileType = wrapper.application; includeInIndex = 0; path = VisionProVREnvironment.app; sourceTree = BUILT_PRODUCTS_DIR; };
		DBEB3E7A2B7D60BE0040D0AA /* RealityKitContent */ = {isa = PBXFileReference; lastKnownFileType = wrapper; path = RealityKitContent; sourceTree = "<group>"; };
		DBEB3E7D2B7D60BE0040D0AA /* VisionProVREnvironmentApp.swift */ = {isa = PBXFileReference; lastKnownFileType = sourcecode.swift; path = VisionProVREnvironmentApp.swift; sourceTree = "<group>"; };
		DBEB3E7F2B7D60BE0040D0AA /* ContentView.swift */ = {isa = PBXFileReference; lastKnownFileType = sourcecode.swift; path = ContentView.swift; sourceTree = "<group>"; };
		DBEB3E812B7D60BF0040D0AA /* Assets.xcassets */ = {isa = PBXFileReference; lastKnownFileType = folder.assetcatalog; path = Assets.xcassets; sourceTree = "<group>"; };
		DBEB3E842B7D60BF0040D0AA /* Preview Assets.xcassets */ = {isa = PBXFileReference; lastKnownFileType = folder.assetcatalog; path = "Preview Assets.xcassets"; sourceTree = "<group>"; };
		DBEB3E862B7D60BF0040D0AA /* Info.plist */ = {isa = PBXFileReference; lastKnownFileType = text.plist.xml; path = Info.plist; sourceTree = "<group>"; };
/* End PBXFileReference section */

/* Begin PBXFrameworksBuildPhase section */
		DBEB3E732B7D60BE0040D0AA /* Frameworks */ = {
			isa = PBXFrameworksBuildPhase;
			buildActionMask = 2147483647;
			files = (
				DBEB3E7C2B7D60BE0040D0AA /* RealityKitContent in Frameworks */,
			);
			runOnlyForDeploymentPostprocessing = 0;
		};
/* End PBXFrameworksBuildPhase section */

/* Begin PBXGroup section */
		DBEB3E6D2B7D60BE0040D0AA = {
			isa = PBXGroup;
			children = (
				DBEB3E782B7D60BE0040D0AA /* VisionProVREnvironment */,
				DBEB3E792B7D60BE0040D0AA /* Packages */,
				DBEB3E772B7D60BE0040D0AA /* Products */,
			);
			sourceTree = "<group>";
		};
		DBEB3E772B7D60BE0040D0AA /* Products */ = {
			isa = PBXGroup;
			children = (
				DBEB3E762B7D60BE0040D0AA /* VisionProVREnvironment.app */,
			);
			name = Products;
			sourceTree = "<group>";
		};
		DBEB3E782B7D60BE0040D0AA /* VisionProVREnvironment */ = {
			isa = PBXGroup;
			children = (
				DBEB3E7D2B7D60BE0040D0AA /* VisionProVREnvironmentApp.swift */,
				DBEB3E7F2B7D60BE0040D0AA /* ContentView.swift */,
				DBEB3E812B7D60BF0040D0AA /* Assets.xcassets */,
				DBEB3E862B7D60BF0040D0AA /* Info.plist */,
				DBEB3E832B7D60BF0040D0AA /* Preview Content */,
			);
			path = VisionProVREnvironment;
			sourceTree = "<group>";
		};
		DBEB3E792B7D60BE0040D0AA /* Packages */ = {
			isa = PBXGroup;
			children = (
				DBEB3E7A2B7D60BE0040D0AA /* RealityKitContent */,
			);
			path = Packages;
			sourceTree = "<group>";
		};
		DBEB3E832B7D60BF0040D0AA /* Preview Content */ = {
			isa = PBXGroup;
			children = (
				DBEB3E842B7D60BF0040D0AA /* Preview Assets.xcassets */,
			);
			path = "Preview Content";
			sourceTree = "<group>";
		};
/* End PBXGroup section */

/* Begin PBXNativeTarget section */
		DBEB3E752B7D60BE0040D0AA /* VisionProVREnvironment */ = {
			isa = PBXNativeTarget;
			buildConfigurationList = DBEB3E892B7D60BF0040D0AA /* Build configuration list for PBXNativeTarget "VisionProVREnvironment" */;
			buildPhases = (
				DBEB3E722B7D60BE0040D0AA /* Sources */,
				DBEB3E732B7D60BE0040D0AA /* Frameworks */,
				DBEB3E742B7D60BE0040D0AA /* Resources */,
			);
			buildRules = (
			);
			dependencies = (
			);
			name = VisionProVREnvironment;
			packageProductDependencies = (
				DBEB3E7B2B7D60BE0040D0AA /* RealityKitContent */,
			);
			productName = VisionProVREnvironment;
			productReference = DBEB3E762B7D60BE0040D0AA /* VisionProVREnvironment.app */;
			productType = "com.apple.product-type.application";
		};
/* End PBXNativeTarget section */

/* Begin PBXProject section */
		DBEB3E6E2B7D60BE0040D0AA /* Project object */ = {
			isa = PBXProject;
			attributes = {
				BuildIndependentTargetsInParallel = 1;
				LastSwiftUpdateCheck = 1520;
				LastUpgradeCheck = 1520;
				TargetAttributes = {
					DBEB3E752B7D60BE0040D0AA = {
						CreatedOnToolsVersion = 15.2;
					};
				};
			};
			buildConfigurationList = DBEB3E712B7D60BE0040D0AA /* Build configuration list for PBXProject "VisionProVREnvironment" */;
			compatibilityVersion = "Xcode 14.0";
			developmentRegion = en;
			hasScannedForEncodings = 0;
			knownRegions = (
				en,
				Base,
			);
			mainGroup = DBEB3E6D2B7D60BE0040D0AA;
			productRefGroup = DBEB3E772B7D60BE0040D0AA /* Products */;
			projectDirPath = "";
			projectRoot = "";
			targets = (
				DBEB3E752B7D60BE0040D0AA /* VisionProVREnvironment */,
			);
		};
/* End PBXProject section */

/* Begin PBXResourcesBuildPhase section */
		DBEB3E742B7D60BE0040D0AA /* Resources */ = {
			isa = PBXResourcesBuildPhase;
			buildActionMask = 2147483647;
			files = (
				DBEB3E852B7D60BF0040D0AA /* Preview Assets.xcassets in Resources */,
				DBEB3E822B7D60BF0040D0AA /* Assets.xcassets in Resources */,
			);
			runOnlyForDeploymentPostprocessing = 0;
		};
/* End PBXResourcesBuildPhase section */

/* Begin PBXSourcesBuildPhase section */
		DBEB3E722B7D60BE0040D0AA /* Sources */ = {
			isa = PBXSourcesBuildPhase;
			buildActionMask = 2147483647;
			files = (
				DBEB3E802B7D60BE0040D0AA /* ContentView.swift in Sources */,
				DBEB3E7E2B7D60BE0040D0AA /* VisionProVREnvironmentApp.swift in Sources */,
			);
			runOnlyForDeploymentPostprocessing = 0;
		};
/* End PBXSourcesBuildPhase section */

/* Begin XCBuildConfiguration section */
		DBEB3E872B7D60BF0040D0AA /* Debug */ = {
			isa = XCBuildConfiguration;
			buildSettings = {
				ALWAYS_SEARCH_USER_PATHS = NO;
				ASSETCATALOG_COMPILER_GENERATE_SWIFT_ASSET_SYMBOL_EXTENSIONS = YES;
				CLANG_ANALYZER_NONNULL = YES;
				CLANG_ANALYZER_NUMBER_OBJECT_CONVERSION = YES_AGGRESSIVE;
				CLANG_CXX_LANGUAGE_STANDARD = "gnu++20";
				CLANG_ENABLE_MODULES = YES;
				CLANG_ENABLE_OBJC_ARC = YES;
				CLANG_ENABLE_OBJC_WEAK = YES;
				CLANG_WARN_BLOCK_CAPTURE_AUTORELEASING = YES;
				CLANG_WARN_BOOL_CONVERSION = YES;
				CLANG_WARN_COMMA = YES;
				CLANG_WARN_CONSTANT_CONVERSION = YES;
				CLANG_WARN_DEPRECATED_OBJC_IMPLEMENTATIONS = YES;
				CLANG_WARN_DIRECT_OBJC_ISA_USAGE = YES_ERROR;
				CLANG_WARN_DOCUMENTATION_COMMENTS = YES;
				CLANG_WARN_EMPTY_BODY = YES;
				CLANG_WARN_ENUM_CONVERSION = YES;
				CLANG_WARN_INFINITE_RECURSION = YES;
				CLANG_WARN_INT_CONVERSION = YES;
				CLANG_WARN_NON_LITERAL_NULL_CONVERSION = YES;
				CLANG_WARN_OBJC_IMPLICIT_RETAIN_SELF = YES;
				CLANG_WARN_OBJC_LITERAL_CONVERSION = YES;
				CLANG_WARN_OBJC_ROOT_CLASS = YES_ERROR;
				CLANG_WARN_QUOTED_INCLUDE_IN_FRAMEWORK_HEADER = YES;
				CLANG_WARN_RANGE_LOOP_ANALYSIS = YES;
				CLANG_WARN_STRICT_PROTOTYPES = YES;
				CLANG_WARN_SUSPICIOUS_MOVE = YES;
				CLANG_WARN_UNGUARDED_AVAILABILITY = YES_AGGRESSIVE;
				CLANG_WARN_UNREACHABLE_CODE = YES;
				CLANG_WARN__DUPLICATE_METHOD_MATCH = YES;
				COPY_PHASE_STRIP = NO;
				DEBUG_INFORMATION_FORMAT = dwarf;
				ENABLE_STRICT_OBJC_MSGSEND = YES;
				ENABLE_TESTABILITY = YES;
				ENABLE_USER_SCRIPT_SANDBOXING = YES;
				GCC_C_LANGUAGE_STANDARD = gnu17;
				GCC_DYNAMIC_NO_PIC = NO;
				GCC_NO_COMMON_BLOCKS = YES;
				GCC_OPTIMIZATION_LEVEL = 0;
				GCC_PREPROCESSOR_DEFINITIONS = (
					"DEBUG=1",
					"$(inherited)",
				);
				GCC_WARN_64_TO_32_BIT_CONVERSION = YES;
				GCC_WARN_ABOUT_RETURN_TYPE = YES_ERROR;
				GCC_WARN_UNDECLARED_SELECTOR = YES;
				GCC_WARN_UNINITIALIZED_AUTOS = YES_AGGRESSIVE;
				GCC_WARN_UNUSED_FUNCTION = YES;
				GCC_WARN_UNUSED_VARIABLE = YES;
				LOCALIZATION_PREFERS_STRING_CATALOGS = YES;
				MTL_ENABLE_DEBUG_INFO = INCLUDE_SOURCE;
				MTL_FAST_MATH = YES;
				ONLY_ACTIVE_ARCH = YES;
				SDKROOT = xros;
				SWIFT_ACTIVE_COMPILATION_CONDITIONS = "DEBUG $(inherited)";
				SWIFT_OPTIMIZATION_LEVEL = "-Onone";
				XROS_DEPLOYMENT_TARGET = 1.0;
			};
			name = Debug;
		};
		DBEB3E882B7D60BF0040D0AA /* Release */ = {
			isa = XCBuildConfiguration;
			buildSettings = {
				ALWAYS_SEARCH_USER_PATHS = NO;
				ASSETCATALOG_COMPILER_GENERATE_SWIFT_ASSET_SYMBOL_EXTENSIONS = YES;
				CLANG_ANALYZER_NONNULL = YES;
				CLANG_ANALYZER_NUMBER_OBJECT_CONVERSION = YES_AGGRESSIVE;
				CLANG_CXX_LANGUAGE_STANDARD = "gnu++20";
				CLANG_ENABLE_MODULES = YES;
				CLANG_ENABLE_OBJC_ARC = YES;
				CLANG_ENABLE_OBJC_WEAK = YES;
				CLANG_WARN_BLOCK_CAPTURE_AUTORELEASING = YES;
				CLANG_WARN_BOOL_CONVERSION = YES;
				CLANG_WARN_COMMA = YES;
				CLANG_WARN_CONSTANT_CONVERSION = YES;
				CLANG_WARN_DEPRECATED_OBJC_IMPLEMENTATIONS = YES;
				CLANG_WARN_DIRECT_OBJC_ISA_USAGE = YES_ERROR;
				CLANG_WARN_DOCUMENTATION_COMMENTS = YES;
				CLANG_WARN_EMPTY_BODY = YES;
				CLANG_WARN_ENUM_CONVERSION = YES;
				CLANG_WARN_INFINITE_RECURSION = YES;
				CLANG_WARN_INT_CONVERSION = YES;
				CLANG_WARN_NON_LITERAL_NULL_CONVERSION = YES;
				CLANG_WARN_OBJC_IMPLICIT_RETAIN_SELF = YES;
				CLANG_WARN_OBJC_LITERAL_CONVERSION = YES;
				CLANG_WARN_OBJC_ROOT_CLASS = YES_ERROR;
				CLANG_WARN_QUOTED_INCLUDE_IN_FRAMEWORK_HEADER = YES;
				CLANG_WARN_RANGE_LOOP_ANALYSIS = YES;
				CLANG_WARN_STRICT_PROTOTYPES = YES;
				CLANG_WARN_SUSPICIOUS_MOVE = YES;
				CLANG_WARN_UNGUARDED_AVAILABILITY = YES_AGGRESSIVE;
				CLANG_WARN_UNREACHABLE_CODE = YES;
				CLANG_WARN__DUPLICATE_METHOD_MATCH = YES;
				COPY_PHASE_STRIP = NO;
				DEBUG_INFORMATION_FORMAT = "dwarf-with-dsym";
				ENABLE_NS_ASSERTIONS = NO;
				ENABLE_STRICT_OBJC_MSGSEND = YES;
				ENABLE_USER_SCRIPT_SANDBOXING = YES;
				GCC_C_LANGUAGE_STANDARD = gnu17;
				GCC_NO_COMMON_BLOCKS = YES;
				GCC_WARN_64_TO_32_BIT_CONVERSION = YES;
				GCC_WARN_ABOUT_RETURN_TYPE = YES_ERROR;
				GCC_WARN_UNDECLARED_SELECTOR = YES;
				GCC_WARN_UNINITIALIZED_AUTOS = YES_AGGRESSIVE;
				GCC_WARN_UNUSED_FUNCTION = YES;
				GCC_WARN_UNUSED_VARIABLE = YES;
				LOCALIZATION_PREFERS_STRING_CATALOGS = YES;
				MTL_ENABLE_DEBUG_INFO = NO;
				MTL_FAST_MATH = YES;
				SDKROOT = xros;
				SWIFT_COMPILATION_MODE = wholemodule;
				VALIDATE_PRODUCT = YES;
				XROS_DEPLOYMENT_TARGET = 1.0;
			};
			name = Release;
		};
		DBEB3E8A2B7D60BF0040D0AA /* Debug */ = {
			isa = XCBuildConfiguration;
			buildSettings = {
				ASSETCATALOG_COMPILER_APPICON_NAME = AppIcon;
				ASSETCATALOG_COMPILER_GLOBAL_ACCENT_COLOR_NAME = AccentColor;
				CODE_SIGN_STYLE = Automatic;
				CURRENT_PROJECT_VERSION = 1;
				DEVELOPMENT_ASSET_PATHS = "\"VisionProVREnvironment/Preview Content\"";
				DEVELOPMENT_TEAM = 9S5RCN37TS;
				ENABLE_PREVIEWS = YES;
				GENERATE_INFOPLIST_FILE = YES;
				INFOPLIST_FILE = "$(TARGET_NAME)/Info.plist";
				LD_RUNPATH_SEARCH_PATHS = (
					"$(inherited)",
					"@executable_path/Frameworks",
				);
				MARKETING_VERSION = 1.0;
				PRODUCT_BUNDLE_IDENTIFIER = com.root.test1.VisionProVREnvironment;
				PRODUCT_NAME = "$(TARGET_NAME)";
				SUPPORTED_PLATFORMS = "xros xrsimulator";
				SWIFT_EMIT_LOC_STRINGS = YES;
				SWIFT_VERSION = 5.0;
				TARGETED_DEVICE_FAMILY = "1,2,7";
			};
			name = Debug;
		};
		DBEB3E8B2B7D60BF0040D0AA /* Release */ = {
			isa = XCBuildConfiguration;
			buildSettings = {
				ASSETCATALOG_COMPILER_APPICON_NAME = AppIcon;
				ASSETCATALOG_COMPILER_GLOBAL_ACCENT_COLOR_NAME = AccentColor;
				CODE_SIGN_STYLE = Automatic;
				CURRENT_PROJECT_VERSION = 1;
				DEVELOPMENT_ASSET_PATHS = "\"VisionProVREnvironment/Preview Content\"";
				DEVELOPMENT_TEAM = 9S5RCN37TS;
				ENABLE_PREVIEWS = YES;
				GENERATE_INFOPLIST_FILE = YES;
				INFOPLIST_FILE = "$(TARGET_NAME)/Info.plist";
				LD_RUNPATH_SEARCH_PATHS = (
					"$(inherited)",
					"@executable_path/Frameworks",
				);
				MARKETING_VERSION = 1.0;
				PRODUCT_BUNDLE_IDENTIFIER = com.root.test1.VisionProVREnvironment;
				PRODUCT_NAME = "$(TARGET_NAME)";
				SUPPORTED_PLATFORMS = "xros xrsimulator";
				SWIFT_EMIT_LOC_STRINGS = YES;
				SWIFT_VERSION = 5.0;
				TARGETED_DEVICE_FAMILY = "1,2,7";
			};
			name = Release;
		};
/* End XCBuildConfiguration section */

/* Begin XCConfigurationList section */
		DBEB3E712B7D60BE0040D0AA /* Build configuration list for PBXProject "VisionProVREnvironment" */ = {
			isa = XCConfigurationList;
			buildConfigurations = (
				DBEB3E872B7D60BF0040D0AA /* Debug */,
				DBEB3E882B7D60BF0040D0AA /* Release */,
			);
			defaultConfigurationIsVisible = 0;
			defaultConfigurationName = Release;
		};
		DBEB3E892B7D60BF0040D0AA /* Build configuration list for PBXNativeTarget "VisionProVREnvironment" */ = {
			isa = XCConfigurationList;
			buildConfigurations = (
				DBEB3E8A2B7D60BF0040D0AA /* Debug */,
				DBEB3E8B2B7D60BF0040D0AA /* Release */,
			);
			defaultConfigurationIsVisible = 0;
			defaultConfigurationName = Release;
		};
/* End XCConfigurationList section */

/* Begin XCSwiftPackageProductDependency section */
		DBEB3E7B2B7D60BE0040D0AA /* RealityKitContent */ = {
			isa = XCSwiftPackageProductDependency;
			productName = RealityKitContent;
		};
/* End XCSwiftPackageProductDependency section */
	};
	rootObject = DBEB3E6E2B7D60BE0040D0AA /* Project object */;
}
